// !$*UTF8*$!
{
	archiveVersion = 1;
	classes = {
	};
	objectVersion = 56;
	objects = {

/* Begin PBXBuildFile section */
		7E72D54329F89449006860F1 /* Los_Portales_OrderingApp.swift in Sources */ = {isa = PBXBuildFile; fileRef = 7E72D54229F89449006860F1 /* Los_Portales_OrderingApp.swift */; };
		7E72D54729F8944A006860F1 /* Assets.xcassets in Resources */ = {isa = PBXBuildFile; fileRef = 7E72D54629F8944A006860F1 /* Assets.xcassets */; };
		7E72D54A29F8944A006860F1 /* Preview Assets.xcassets in Resources */ = {isa = PBXBuildFile; fileRef = 7E72D54929F8944A006860F1 /* Preview Assets.xcassets */; };
		7E72D56D29F8989A006860F1 /* Cake.swift in Sources */ = {isa = PBXBuildFile; fileRef = 7E72D56129F89899006860F1 /* Cake.swift */; };
		7E72D56F29F8989A006860F1 /* CakesViewModel.swift in Sources */ = {isa = PBXBuildFile; fileRef = 7E72D56529F89899006860F1 /* CakesViewModel.swift */; };
		7E72D57029F8989A006860F1 /* NewOrderView.swift in Sources */ = {isa = PBXBuildFile; fileRef = 7E72D56729F89899006860F1 /* NewOrderView.swift */; };
		7E72D57129F8989A006860F1 /* CakeInfoView.swift in Sources */ = {isa = PBXBuildFile; fileRef = 7E72D56829F89899006860F1 /* CakeInfoView.swift */; };
		7E72D57229F8989A006860F1 /* CakeOrders.swift in Sources */ = {isa = PBXBuildFile; fileRef = 7E72D56929F89899006860F1 /* CakeOrders.swift */; };
		7E72D57529F8A1BF006860F1 /* GoogleService-Info.plist in Resources */ = {isa = PBXBuildFile; fileRef = 7E72D57429F8A1BF006860F1 /* GoogleService-Info.plist */; };
		7E72D57829F8A256006860F1 /* FirebaseAuth in Frameworks */ = {isa = PBXBuildFile; productRef = 7E72D57729F8A256006860F1 /* FirebaseAuth */; };
		7E72D57A29F8A256006860F1 /* FirebaseDatabase in Frameworks */ = {isa = PBXBuildFile; productRef = 7E72D57929F8A256006860F1 /* FirebaseDatabase */; };
		7E72D57C29F8A256006860F1 /* FirebaseDatabaseSwift in Frameworks */ = {isa = PBXBuildFile; productRef = 7E72D57B29F8A256006860F1 /* FirebaseDatabaseSwift */; };
		7E72D57E29F8A256006860F1 /* FirebaseFirestore in Frameworks */ = {isa = PBXBuildFile; productRef = 7E72D57D29F8A256006860F1 /* FirebaseFirestore */; };
		7E72D58029F8A256006860F1 /* FirebaseFirestoreSwift in Frameworks */ = {isa = PBXBuildFile; productRef = 7E72D57F29F8A256006860F1 /* FirebaseFirestoreSwift */; };
		7E72D58229F8A256006860F1 /* FirebaseStorage in Frameworks */ = {isa = PBXBuildFile; productRef = 7E72D58129F8A256006860F1 /* FirebaseStorage */; };
		7E72D58529F8A441006860F1 /* CakeService.swift in Sources */ = {isa = PBXBuildFile; fileRef = 7E72D58429F8A441006860F1 /* CakeService.swift */; };
		7E72D58729F8B540006860F1 /* CakeCellView.swift in Sources */ = {isa = PBXBuildFile; fileRef = 7E72D58629F8B540006860F1 /* CakeCellView.swift */; };
/* End PBXBuildFile section */

/* Begin PBXFileReference section */
		7E72D53F29F89449006860F1 /* Los Portales Ordering.app */ = {isa = PBXFileReference; explicitFileType = wrapper.application; includeInIndex = 0; path = "Los Portales Ordering.app"; sourceTree = BUILT_PRODUCTS_DIR; };
		7E72D54229F89449006860F1 /* Los_Portales_OrderingApp.swift */ = {isa = PBXFileReference; lastKnownFileType = sourcecode.swift; path = Los_Portales_OrderingApp.swift; sourceTree = "<group>"; };
		7E72D54629F8944A006860F1 /* Assets.xcassets */ = {isa = PBXFileReference; lastKnownFileType = folder.assetcatalog; path = Assets.xcassets; sourceTree = "<group>"; };
		7E72D54929F8944A006860F1 /* Preview Assets.xcassets */ = {isa = PBXFileReference; lastKnownFileType = folder.assetcatalog; path = "Preview Assets.xcassets"; sourceTree = "<group>"; };
		7E72D56129F89899006860F1 /* Cake.swift */ = {isa = PBXFileReference; fileEncoding = 4; lastKnownFileType = sourcecode.swift; path = Cake.swift; sourceTree = "<group>"; };
		7E72D56529F89899006860F1 /* CakesViewModel.swift */ = {isa = PBXFileReference; fileEncoding = 4; lastKnownFileType = sourcecode.swift; path = CakesViewModel.swift; sourceTree = "<group>"; };
		7E72D56729F89899006860F1 /* NewOrderView.swift */ = {isa = PBXFileReference; fileEncoding = 4; lastKnownFileType = sourcecode.swift; path = NewOrderView.swift; sourceTree = "<group>"; };
		7E72D56829F89899006860F1 /* CakeInfoView.swift */ = {isa = PBXFileReference; fileEncoding = 4; lastKnownFileType = sourcecode.swift; path = CakeInfoView.swift; sourceTree = "<group>"; };
		7E72D56929F89899006860F1 /* CakeOrders.swift */ = {isa = PBXFileReference; fileEncoding = 4; lastKnownFileType = sourcecode.swift; path = CakeOrders.swift; sourceTree = "<group>"; };
		7E72D57429F8A1BF006860F1 /* GoogleService-Info.plist */ = {isa = PBXFileReference; fileEncoding = 4; lastKnownFileType = text.plist.xml; path = "GoogleService-Info.plist"; sourceTree = "<group>"; };
		7E72D58429F8A441006860F1 /* CakeService.swift */ = {isa = PBXFileReference; lastKnownFileType = sourcecode.swift; path = CakeService.swift; sourceTree = "<group>"; };
		7E72D58629F8B540006860F1 /* CakeCellView.swift */ = {isa = PBXFileReference; lastKnownFileType = sourcecode.swift; path = CakeCellView.swift; sourceTree = "<group>"; };
/* End PBXFileReference section */

/* Begin PBXFrameworksBuildPhase section */
		7E72D53C29F89449006860F1 /* Frameworks */ = {
			isa = PBXFrameworksBuildPhase;
			buildActionMask = 2147483647;
			files = (
				7E72D58029F8A256006860F1 /* FirebaseFirestoreSwift in Frameworks */,
				7E72D57C29F8A256006860F1 /* FirebaseDatabaseSwift in Frameworks */,
				7E72D57E29F8A256006860F1 /* FirebaseFirestore in Frameworks */,
				7E72D57A29F8A256006860F1 /* FirebaseDatabase in Frameworks */,
				7E72D57829F8A256006860F1 /* FirebaseAuth in Frameworks */,
				7E72D58229F8A256006860F1 /* FirebaseStorage in Frameworks */,
			);
			runOnlyForDeploymentPostprocessing = 0;
		};
/* End PBXFrameworksBuildPhase section */

/* Begin PBXGroup section */
		7E72D53629F89449006860F1 = {
			isa = PBXGroup;
			children = (
				7E72D55D29F89899006860F1 /* Cakey */,
				7E72D54129F89449006860F1 /* Los Portales Ordering */,
				7E72D54029F89449006860F1 /* Products */,
			);
			sourceTree = "<group>";
		};
		7E72D54029F89449006860F1 /* Products */ = {
			isa = PBXGroup;
			children = (
				7E72D53F29F89449006860F1 /* Los Portales Ordering.app */,
			);
			name = Products;
			sourceTree = "<group>";
		};
		7E72D54129F89449006860F1 /* Los Portales Ordering */ = {
			isa = PBXGroup;
			children = (
				7E72D57429F8A1BF006860F1 /* GoogleService-Info.plist */,
				7E72D54229F89449006860F1 /* Los_Portales_OrderingApp.swift */,
				7E72D56629F89899006860F1 /* Views */,
				7E72D56429F89899006860F1 /* View Model */,
				7E72D56029F89899006860F1 /* Models */,
				7E72D54629F8944A006860F1 /* Assets.xcassets */,
				7E72D54829F8944A006860F1 /* Preview Content */,
			);
			path = "Los Portales Ordering";
			sourceTree = "<group>";
		};
		7E72D54829F8944A006860F1 /* Preview Content */ = {
			isa = PBXGroup;
			children = (
				7E72D54929F8944A006860F1 /* Preview Assets.xcassets */,
			);
			path = "Preview Content";
			sourceTree = "<group>";
		};
		7E72D55D29F89899006860F1 /* Cakey */ = {
			isa = PBXGroup;
			children = (
			);
			path = Cakey;
			sourceTree = "<group>";
		};
		7E72D56029F89899006860F1 /* Models */ = {
			isa = PBXGroup;
			children = (
				7E72D56129F89899006860F1 /* Cake.swift */,
			);
			path = Models;
			sourceTree = "<group>";
		};
		7E72D56429F89899006860F1 /* View Model */ = {
			isa = PBXGroup;
			children = (
				7E72D58329F8A42F006860F1 /* Service */,
				7E72D56529F89899006860F1 /* CakesViewModel.swift */,
			);
			path = "View Model";
			sourceTree = "<group>";
		};
		7E72D56629F89899006860F1 /* Views */ = {
			isa = PBXGroup;
			children = (
				7E72D56729F89899006860F1 /* NewOrderView.swift */,
				7E72D56829F89899006860F1 /* CakeInfoView.swift */,
				7E72D56929F89899006860F1 /* CakeOrders.swift */,
				7E72D58629F8B540006860F1 /* CakeCellView.swift */,
			);
			path = Views;
			sourceTree = "<group>";
		};
		7E72D58329F8A42F006860F1 /* Service */ = {
			isa = PBXGroup;
			children = (
				7E72D58429F8A441006860F1 /* CakeService.swift */,
			);
			path = Service;
			sourceTree = "<group>";
		};
/* End PBXGroup section */

/* Begin PBXNativeTarget section */
		7E72D53E29F89449006860F1 /* Los Portales Ordering */ = {
			isa = PBXNativeTarget;
			buildConfigurationList = 7E72D54D29F8944A006860F1 /* Build configuration list for PBXNativeTarget "Los Portales Ordering" */;
			buildPhases = (
				7E72D53B29F89449006860F1 /* Sources */,
				7E72D53C29F89449006860F1 /* Frameworks */,
				7E72D53D29F89449006860F1 /* Resources */,
			);
			buildRules = (
			);
			dependencies = (
			);
			name = "Los Portales Ordering";
			packageProductDependencies = (
				7E72D57729F8A256006860F1 /* FirebaseAuth */,
				7E72D57929F8A256006860F1 /* FirebaseDatabase */,
				7E72D57B29F8A256006860F1 /* FirebaseDatabaseSwift */,
				7E72D57D29F8A256006860F1 /* FirebaseFirestore */,
				7E72D57F29F8A256006860F1 /* FirebaseFirestoreSwift */,
				7E72D58129F8A256006860F1 /* FirebaseStorage */,
			);
			productName = "Los Portales Ordering";
			productReference = 7E72D53F29F89449006860F1 /* Los Portales Ordering.app */;
			productType = "com.apple.product-type.application";
		};
/* End PBXNativeTarget section */

/* Begin PBXProject section */
		7E72D53729F89449006860F1 /* Project object */ = {
			isa = PBXProject;
			attributes = {
				BuildIndependentTargetsInParallel = 1;
				LastSwiftUpdateCheck = 1430;
				LastUpgradeCheck = 1430;
				TargetAttributes = {
					7E72D53E29F89449006860F1 = {
						CreatedOnToolsVersion = 14.3;
					};
				};
			};
			buildConfigurationList = 7E72D53A29F89449006860F1 /* Build configuration list for PBXProject "Los Portales Ordering" */;
			compatibilityVersion = "Xcode 14.0";
			developmentRegion = en;
			hasScannedForEncodings = 0;
			knownRegions = (
				en,
				Base,
			);
			mainGroup = 7E72D53629F89449006860F1;
			packageReferences = (
				7E72D57629F8A256006860F1 /* XCRemoteSwiftPackageReference "firebase-ios-sdk" */,
			);
			productRefGroup = 7E72D54029F89449006860F1 /* Products */;
			projectDirPath = "";
			projectRoot = "";
			targets = (
				7E72D53E29F89449006860F1 /* Los Portales Ordering */,
			);
		};
/* End PBXProject section */

/* Begin PBXResourcesBuildPhase section */
		7E72D53D29F89449006860F1 /* Resources */ = {
			isa = PBXResourcesBuildPhase;
			buildActionMask = 2147483647;
			files = (
				7E72D54A29F8944A006860F1 /* Preview Assets.xcassets in Resources */,
				7E72D57529F8A1BF006860F1 /* GoogleService-Info.plist in Resources */,
				7E72D54729F8944A006860F1 /* Assets.xcassets in Resources */,
			);
			runOnlyForDeploymentPostprocessing = 0;
		};
/* End PBXResourcesBuildPhase section */

/* Begin PBXSourcesBuildPhase section */
		7E72D53B29F89449006860F1 /* Sources */ = {
			isa = PBXSourcesBuildPhase;
			buildActionMask = 2147483647;
			files = (
				7E72D57129F8989A006860F1 /* CakeInfoView.swift in Sources */,
				7E72D57229F8989A006860F1 /* CakeOrders.swift in Sources */,
				7E72D54329F89449006860F1 /* Los_Portales_OrderingApp.swift in Sources */,
				7E72D57029F8989A006860F1 /* NewOrderView.swift in Sources */,
				7E72D58729F8B540006860F1 /* CakeCellView.swift in Sources */,
				7E72D56F29F8989A006860F1 /* CakesViewModel.swift in Sources */,
				7E72D56D29F8989A006860F1 /* Cake.swift in Sources */,
				7E72D58529F8A441006860F1 /* CakeService.swift in Sources */,
			);
			runOnlyForDeploymentPostprocessing = 0;
		};
/* End PBXSourcesBuildPhase section */

/* Begin XCBuildConfiguration section */
		7E72D54B29F8944A006860F1 /* Debug */ = {
			isa = XCBuildConfiguration;
			buildSettings = {
				ALWAYS_SEARCH_USER_PATHS = NO;
				CLANG_ANALYZER_NONNULL = YES;
				CLANG_ANALYZER_NUMBER_OBJECT_CONVERSION = YES_AGGRESSIVE;
				CLANG_CXX_LANGUAGE_STANDARD = "gnu++20";
				CLANG_ENABLE_MODULES = YES;
				CLANG_ENABLE_OBJC_ARC = YES;
				CLANG_ENABLE_OBJC_WEAK = YES;
				CLANG_WARN_BLOCK_CAPTURE_AUTORELEASING = YES;
				CLANG_WARN_BOOL_CONVERSION = YES;
				CLANG_WARN_COMMA = YES;
				CLANG_WARN_CONSTANT_CONVERSION = YES;
				CLANG_WARN_DEPRECATED_OBJC_IMPLEMENTATIONS = YES;
				CLANG_WARN_DIRECT_OBJC_ISA_USAGE = YES_ERROR;
				CLANG_WARN_DOCUMENTATION_COMMENTS = YES;
				CLANG_WARN_EMPTY_BODY = YES;
				CLANG_WARN_ENUM_CONVERSION = YES;
				CLANG_WARN_INFINITE_RECURSION = YES;
				CLANG_WARN_INT_CONVERSION = YES;
				CLANG_WARN_NON_LITERAL_NULL_CONVERSION = YES;
				CLANG_WARN_OBJC_IMPLICIT_RETAIN_SELF = YES;
				CLANG_WARN_OBJC_LITERAL_CONVERSION = YES;
				CLANG_WARN_OBJC_ROOT_CLASS = YES_ERROR;
				CLANG_WARN_QUOTED_INCLUDE_IN_FRAMEWORK_HEADER = YES;
				CLANG_WARN_RANGE_LOOP_ANALYSIS = YES;
				CLANG_WARN_STRICT_PROTOTYPES = YES;
				CLANG_WARN_SUSPICIOUS_MOVE = YES;
				CLANG_WARN_UNGUARDED_AVAILABILITY = YES_AGGRESSIVE;
				CLANG_WARN_UNREACHABLE_CODE = YES;
				CLANG_WARN__DUPLICATE_METHOD_MATCH = YES;
				COPY_PHASE_STRIP = NO;
				DEBUG_INFORMATION_FORMAT = dwarf;
				ENABLE_STRICT_OBJC_MSGSEND = YES;
				ENABLE_TESTABILITY = YES;
				GCC_C_LANGUAGE_STANDARD = gnu11;
				GCC_DYNAMIC_NO_PIC = NO;
				GCC_NO_COMMON_BLOCKS = YES;
				GCC_OPTIMIZATION_LEVEL = 0;
				GCC_PREPROCESSOR_DEFINITIONS = (
					"DEBUG=1",
					"$(inherited)",
				);
				GCC_WARN_64_TO_32_BIT_CONVERSION = YES;
				GCC_WARN_ABOUT_RETURN_TYPE = YES_ERROR;
				GCC_WARN_UNDECLARED_SELECTOR = YES;
				GCC_WARN_UNINITIALIZED_AUTOS = YES_AGGRESSIVE;
				GCC_WARN_UNUSED_FUNCTION = YES;
				GCC_WARN_UNUSED_VARIABLE = YES;
				IPHONEOS_DEPLOYMENT_TARGET = 16.4;
				MTL_ENABLE_DEBUG_INFO = INCLUDE_SOURCE;
				MTL_FAST_MATH = YES;
				ONLY_ACTIVE_ARCH = YES;
				SDKROOT = iphoneos;
				SWIFT_ACTIVE_COMPILATION_CONDITIONS = DEBUG;
				SWIFT_OPTIMIZATION_LEVEL = "-Onone";
			};
			name = Debug;
		};
		7E72D54C29F8944A006860F1 /* Release */ = {
			isa = XCBuildConfiguration;
			buildSettings = {
				ALWAYS_SEARCH_USER_PATHS = NO;
				CLANG_ANALYZER_NONNULL = YES;
				CLANG_ANALYZER_NUMBER_OBJECT_CONVERSION = YES_AGGRESSIVE;
				CLANG_CXX_LANGUAGE_STANDARD = "gnu++20";
				CLANG_ENABLE_MODULES = YES;
				CLANG_ENABLE_OBJC_ARC = YES;
				CLANG_ENABLE_OBJC_WEAK = YES;
				CLANG_WARN_BLOCK_CAPTURE_AUTORELEASING = YES;
				CLANG_WARN_BOOL_CONVERSION = YES;
				CLANG_WARN_COMMA = YES;
				CLANG_WARN_CONSTANT_CONVERSION = YES;
				CLANG_WARN_DEPRECATED_OBJC_IMPLEMENTATIONS = YES;
				CLANG_WARN_DIRECT_OBJC_ISA_USAGE = YES_ERROR;
				CLANG_WARN_DOCUMENTATION_COMMENTS = YES;
				CLANG_WARN_EMPTY_BODY = YES;
				CLANG_WARN_ENUM_CONVERSION = YES;
				CLANG_WARN_INFINITE_RECURSION = YES;
				CLANG_WARN_INT_CONVERSION = YES;
				CLANG_WARN_NON_LITERAL_NULL_CONVERSION = YES;
				CLANG_WARN_OBJC_IMPLICIT_RETAIN_SELF = YES;
				CLANG_WARN_OBJC_LITERAL_CONVERSION = YES;
				CLANG_WARN_OBJC_ROOT_CLASS = YES_ERROR;
				CLANG_WARN_QUOTED_INCLUDE_IN_FRAMEWORK_HEADER = YES;
				CLANG_WARN_RANGE_LOOP_ANALYSIS = YES;
				CLANG_WARN_STRICT_PROTOTYPES = YES;
				CLANG_WARN_SUSPICIOUS_MOVE = YES;
				CLANG_WARN_UNGUARDED_AVAILABILITY = YES_AGGRESSIVE;
				CLANG_WARN_UNREACHABLE_CODE = YES;
				CLANG_WARN__DUPLICATE_METHOD_MATCH = YES;
				COPY_PHASE_STRIP = NO;
				DEBUG_INFORMATION_FORMAT = "dwarf-with-dsym";
				ENABLE_NS_ASSERTIONS = NO;
				ENABLE_STRICT_OBJC_MSGSEND = YES;
				GCC_C_LANGUAGE_STANDARD = gnu11;
				GCC_NO_COMMON_BLOCKS = YES;
				GCC_WARN_64_TO_32_BIT_CONVERSION = YES;
				GCC_WARN_ABOUT_RETURN_TYPE = YES_ERROR;
				GCC_WARN_UNDECLARED_SELECTOR = YES;
				GCC_WARN_UNINITIALIZED_AUTOS = YES_AGGRESSIVE;
				GCC_WARN_UNUSED_FUNCTION = YES;
				GCC_WARN_UNUSED_VARIABLE = YES;
				IPHONEOS_DEPLOYMENT_TARGET = 16.4;
				MTL_ENABLE_DEBUG_INFO = NO;
				MTL_FAST_MATH = YES;
				SDKROOT = iphoneos;
				SWIFT_COMPILATION_MODE = wholemodule;
				SWIFT_OPTIMIZATION_LEVEL = "-O";
				VALIDATE_PRODUCT = YES;
			};
			name = Release;
		};
		7E72D54E29F8944A006860F1 /* Debug */ = {
			isa = XCBuildConfiguration;
			buildSettings = {
				ASSETCATALOG_COMPILER_APPICON_NAME = AppIcon;
				ASSETCATALOG_COMPILER_GLOBAL_ACCENT_COLOR_NAME = AccentColor;
				CODE_SIGN_STYLE = Automatic;
				CURRENT_PROJECT_VERSION = 1;
				DEVELOPMENT_ASSET_PATHS = "\"Los Portales Ordering/Preview Content\"";
				DEVELOPMENT_TEAM = 5FFJZ867M6;
				ENABLE_PREVIEWS = YES;
				GENERATE_INFOPLIST_FILE = YES;
				INFOPLIST_KEY_UIApplicationSceneManifest_Generation = YES;
				INFOPLIST_KEY_UIApplicationSupportsIndirectInputEvents = YES;
				INFOPLIST_KEY_UILaunchScreen_Generation = YES;
				INFOPLIST_KEY_UISupportedInterfaceOrientations_iPad = "UIInterfaceOrientationPortrait UIInterfaceOrientationPortraitUpsideDown UIInterfaceOrientationLandscapeLeft UIInterfaceOrientationLandscapeRight";
				INFOPLIST_KEY_UISupportedInterfaceOrientations_iPhone = "UIInterfaceOrientationPortrait UIInterfaceOrientationLandscapeLeft UIInterfaceOrientationLandscapeRight";
				LD_RUNPATH_SEARCH_PATHS = (
					"$(inherited)",
					"@executable_path/Frameworks",
				);
				MARKETING_VERSION = 1.0;
				PRODUCT_BUNDLE_IDENTIFIER = "Miguel.Los-Portales-Ordering";
				PRODUCT_NAME = "$(TARGET_NAME)";
				SWIFT_EMIT_LOC_STRINGS = YES;
				SWIFT_VERSION = 5.0;
				TARGETED_DEVICE_FAMILY = "1,2";
			};
			name = Debug;
		};
		7E72D54F29F8944A006860F1 /* Release */ = {
			isa = XCBuildConfiguration;
			buildSettings = {
				ASSETCATALOG_COMPILER_APPICON_NAME = AppIcon;
				ASSETCATALOG_COMPILER_GLOBAL_ACCENT_COLOR_NAME = AccentColor;
				CODE_SIGN_STYLE = Automatic;
				CURRENT_PROJECT_VERSION = 1;
				DEVELOPMENT_ASSET_PATHS = "\"Los Portales Ordering/Preview Content\"";
				DEVELOPMENT_TEAM = 5FFJZ867M6;
				ENABLE_PREVIEWS = YES;
				GENERATE_INFOPLIST_FILE = YES;
				INFOPLIST_KEY_UIApplicationSceneManifest_Generation = YES;
				INFOPLIST_KEY_UIApplicationSupportsIndirectInputEvents = YES;
				INFOPLIST_KEY_UILaunchScreen_Generation = YES;
				INFOPLIST_KEY_UISupportedInterfaceOrientations_iPad = "UIInterfaceOrientationPortrait UIInterfaceOrientationPortraitUpsideDown UIInterfaceOrientationLandscapeLeft UIInterfaceOrientationLandscapeRight";
				INFOPLIST_KEY_UISupportedInterfaceOrientations_iPhone = "UIInterfaceOrientationPortrait UIInterfaceOrientationLandscapeLeft UIInterfaceOrientationLandscapeRight";
				LD_RUNPATH_SEARCH_PATHS = (
					"$(inherited)",
					"@executable_path/Frameworks",
				);
				MARKETING_VERSION = 1.0;
				PRODUCT_BUNDLE_IDENTIFIER = "Miguel.Los-Portales-Ordering";
				PRODUCT_NAME = "$(TARGET_NAME)";
				SWIFT_EMIT_LOC_STRINGS = YES;
				SWIFT_VERSION = 5.0;
				TARGETED_DEVICE_FAMILY = "1,2";
			};
			name = Release;
		};
/* End XCBuildConfiguration section */

/* Begin XCConfigurationList section */
		7E72D53A29F89449006860F1 /* Build configuration list for PBXProject "Los Portales Ordering" */ = {
			isa = XCConfigurationList;
			buildConfigurations = (
				7E72D54B29F8944A006860F1 /* Debug */,
				7E72D54C29F8944A006860F1 /* Release */,
			);
			defaultConfigurationIsVisible = 0;
			defaultConfigurationName = Release;
		};
		7E72D54D29F8944A006860F1 /* Build configuration list for PBXNativeTarget "Los Portales Ordering" */ = {
			isa = XCConfigurationList;
			buildConfigurations = (
				7E72D54E29F8944A006860F1 /* Debug */,
				7E72D54F29F8944A006860F1 /* Release */,
			);
			defaultConfigurationIsVisible = 0;
			defaultConfigurationName = Release;
		};
/* End XCConfigurationList section */

/* Begin XCRemoteSwiftPackageReference section */
		7E72D57629F8A256006860F1 /* XCRemoteSwiftPackageReference "firebase-ios-sdk" */ = {
			isa = XCRemoteSwiftPackageReference;
			repositoryURL = "https://github.com/firebase/firebase-ios-sdk.git";
			requirement = {
				kind = upToNextMajorVersion;
				minimumVersion = 10.0.0;
			};
		};
/* End XCRemoteSwiftPackageReference section */

/* Begin XCSwiftPackageProductDependency section */
		7E72D57729F8A256006860F1 /* FirebaseAuth */ = {
			isa = XCSwiftPackageProductDependency;
			package = 7E72D57629F8A256006860F1 /* XCRemoteSwiftPackageReference "firebase-ios-sdk" */;
			productName = FirebaseAuth;
		};
		7E72D57929F8A256006860F1 /* FirebaseDatabase */ = {
			isa = XCSwiftPackageProductDependency;
			package = 7E72D57629F8A256006860F1 /* XCRemoteSwiftPackageReference "firebase-ios-sdk" */;
			productName = FirebaseDatabase;
		};
		7E72D57B29F8A256006860F1 /* FirebaseDatabaseSwift */ = {
			isa = XCSwiftPackageProductDependency;
			package = 7E72D57629F8A256006860F1 /* XCRemoteSwiftPackageReference "firebase-ios-sdk" */;
			productName = FirebaseDatabaseSwift;
		};
		7E72D57D29F8A256006860F1 /* FirebaseFirestore */ = {
			isa = XCSwiftPackageProductDependency;
			package = 7E72D57629F8A256006860F1 /* XCRemoteSwiftPackageReference "firebase-ios-sdk" */;
			productName = FirebaseFirestore;
		};
		7E72D57F29F8A256006860F1 /* FirebaseFirestoreSwift */ = {
			isa = XCSwiftPackageProductDependency;
			package = 7E72D57629F8A256006860F1 /* XCRemoteSwiftPackageReference "firebase-ios-sdk" */;
			productName = FirebaseFirestoreSwift;
		};
		7E72D58129F8A256006860F1 /* FirebaseStorage */ = {
			isa = XCSwiftPackageProductDependency;
			package = 7E72D57629F8A256006860F1 /* XCRemoteSwiftPackageReference "firebase-ios-sdk" */;
			productName = FirebaseStorage;
		};
/* End XCSwiftPackageProductDependency section */
	};
	rootObject = 7E72D53729F89449006860F1 /* Project object */;
}
